github.com/buger/jsonparser v1.1.1 h1:2PnMjfWD7wBILjqQbt530v576A/cAbQvEW9gGIpYMUs=
github.com/chzyer/logex v1.2.1 h1:XHDu3E6q+gdHgsdTPH6ImJMIp436vR6MPtH8gP05QzM=
github.com/chzyer/readline v1.5.1 h1:upd/6fQk4src78LMRzh5vItIt361/o4uq553V8B5sGI=
github.com/chzyer/test v1.0.0 h1:p3BQDXSxOhOG0P9z6/hGnII4LGiEPOYBhs8asl/fC04=
github.com/common-nighthawk/go-figure v0.0.0-20210622060536-734e95fb86be h1:J5BL2kskAlV9ckgEsNQXscjIaLiOYiZ75d4e94E6dcQ=
github.com/fatih/color v1.15.0 h1:kOqh6YHBtK8aywxGerMG2Eq3H6Qgoqeo13Bk2Mv/nBs=
github.com/inconshreveable/mousetrap v1.1.0 h1:wN+x4NVGpMsO7ErUn/mUI3vEoE6Jt13X2s0bqwp9tc8=
github.com/manifoldco/promptui v0.9.0 h1:3V4HzJk1TtXW1MTZMP7mdlwbBpIinw3HztaIlYthEiA=
github.com/mattn/go-colorable v0.1.13 h1:fFA4WZxdEF4tXPZVKMLwD8oUnCTTo08duU7wxecdEvA=
github.com/mattn/go-isatty v0.0.19 h1:JITubQf0MOLdlGRuRq+jtsDlekdYPia9ZFsB8h/APPA=
github.com/otiai10/copy v1.12.0 h1:cLMgSQnXBs1eehF0Wy/FAGsgDTDmAqFR7rQylBb1nDY=
github.com/otiai10/mint v1.5.1 h1:XaPLeE+9vGbuyEHem1JNk3bYc7KKqyI/na0/mLd/Kks=
github.com/rs/zerolog v1.31.0 h1:FcTR3NnLWW+NnTwwhFWiJSZr4ECLpqCm6QsEnyvbV4A=
github.com/spf13/cobra v1.7.0 h1:hyqWnYt1ZQShIddO5kBpj3vu05/++x6tJ6dg8EC572I=
github.com/spf13/pflag v1.0.5 h1:iy+VFUOCP1a+8yFto/drg2CJ5u0yRoB7fZw3DKv/JXA=
golang.org/x/sys v0.38.0 h1:3yZWxaJjBmCWXqhN1qh02AkOnCQ1poK6oF+a7xWL6Gc=
